
Microsoft Visual Studio Solution File, Format Version 10.00
# Visual Studio 2008
Project("{FAE04EC0-301F-11D3-BF4B-00C04F79EFBC}") = "Inferis.KindjesNet.Web", "Inferis.KindjesNet.Web\Inferis.KindjesNet.Web.csproj", "{9FCEF01E-E0EF-4C71-B284-27C1CF17DADF}"
EndProject
Project("{FAE04EC0-301F-11D3-BF4B-00C04F79EFBC}") = "Inferis.KindjesNet.Data", "Inferis.KindjesNet.Data\Inferis.KindjesNet.Data.csproj", "{C923C0DC-2C04-4AB4-9BDC-5586F8A8AEEC}"
EndProject
Project("{FAE04EC0-301F-11D3-BF4B-00C04F79EFBC}") = "Inferis.KindjesNet.Blog", "Inferis.KindjesNet.Blog\Inferis.KindjesNet.Blog.csproj", "{DC2562EF-DE38-49B3-ABF2-695C2714E12B}"
EndProject
Project("{FAE04EC0-301F-11D3-BF4B-00C04F79EFBC}") = "Inferis.KindjesNet.Core", "Inferis.KindjesNet.Core\Inferis.KindjesNet.Core.csproj", "{92C82287-D08F-4E49-8B59-054522C974C8}"
EndProject
Project("{FAE04EC0-301F-11D3-BF4B-00C04F79EFBC}") = "Inferis.KindjesNet.Flickr", "Inferis.KindjesNet.Flickr\Inferis.KindjesNet.Flickr.csproj", "{AD1D4B07-C9CD-4B1A-AAD2-31190C94F9C5}"
EndProject
Project("{2150E333-8FDC-42A3-9474-1A3956D46DE8}") = "Plugins", "Plugins", "{0A214C3C-4D70-450A-ABE5-63FB0BC61864}"
EndProject
Project("{2150E333-8FDC-42A3-9474-1A3956D46DE8}") = "Core", "Core", "{0BF8AABC-2617-4FEB-A72D-449DD826B25B}"
EndProject
Project("{2150E333-8FDC-42A3-9474-1A3956D46DE8}") = "Web", "Web", "{D6415235-1EEB-42D1-B86A-CC6867593C12}"
EndProject
Project("{FAE04EC0-301F-11D3-BF4B-00C04F79EFBC}") = "Inferis.KindjesNet.Vimeo", "Inferis.KindjesNet.Vimeo\Inferis.KindjesNet.Vimeo.csproj", "{12453062-5875-4C49-A128-6384C5C6D25E}"
EndProject
Global
	GlobalSection(SolutionConfigurationPlatforms) = preSolution
		Debug|Any CPU = Debug|Any CPU
		Release|Any CPU = Release|Any CPU
	EndGlobalSection
	GlobalSection(ProjectConfigurationPlatforms) = postSolution
		{9FCEF01E-E0EF-4C71-B284-27C1CF17DADF}.Debug|Any CPU.ActiveCfg = Debug|Any CPU
		{9FCEF01E-E0EF-4C71-B284-27C1CF17DADF}.Debug|Any CPU.Build.0 = Debug|Any CPU
		{9FCEF01E-E0EF-4C71-B284-27C1CF17DADF}.Release|Any CPU.ActiveCfg = Release|Any CPU
		{9FCEF01E-E0EF-4C71-B284-27C1CF17DADF}.Release|Any CPU.Build.0 = Release|Any CPU
		{C923C0DC-2C04-4AB4-9BDC-5586F8A8AEEC}.Debug|Any CPU.ActiveCfg = Debug|Any CPU
		{C923C0DC-2C04-4AB4-9BDC-5586F8A8AEEC}.Debug|Any CPU.Build.0 = Debug|Any CPU
		{C923C0DC-2C04-4AB4-9BDC-5586F8A8AEEC}.Release|Any CPU.ActiveCfg = Release|Any CPU
		{C923C0DC-2C04-4AB4-9BDC-5586F8A8AEEC}.Release|Any CPU.Build.0 = Release|Any CPU
		{DC2562EF-DE38-49B3-ABF2-695C2714E12B}.Debug|Any CPU.ActiveCfg = Debug|Any CPU
		{DC2562EF-DE38-49B3-ABF2-695C2714E12B}.Debug|Any CPU.Build.0 = Debug|Any CPU
		{DC2562EF-DE38-49B3-ABF2-695C2714E12B}.Release|Any CPU.ActiveCfg = Release|Any CPU
		{DC2562EF-DE38-49B3-ABF2-695C2714E12B}.Release|Any CPU.Build.0 = Release|Any CPU
		{92C82287-D08F-4E49-8B59-054522C974C8}.Debug|Any CPU.ActiveCfg = Debug|Any CPU
		{92C82287-D08F-4E49-8B59-054522C974C8}.Debug|Any CPU.Build.0 = Debug|Any CPU
		{92C82287-D08F-4E49-8B59-054522C974C8}.Release|Any CPU.ActiveCfg = Release|Any CPU
		{92C82287-D08F-4E49-8B59-054522C974C8}.Release|Any CPU.Build.0 = Release|Any CPU
		{AD1D4B07-C9CD-4B1A-AAD2-31190C94F9C5}.Debug|Any CPU.ActiveCfg = Debug|Any CPU
		{AD1D4B07-C9CD-4B1A-AAD2-31190C94F9C5}.Debug|Any CPU.Build.0 = Debug|Any CPU
		{AD1D4B07-C9CD-4B1A-AAD2-31190C94F9C5}.Release|Any CPU.ActiveCfg = Release|Any CPU
		{AD1D4B07-C9CD-4B1A-AAD2-31190C94F9C5}.Release|Any CPU.Build.0 = Release|Any CPU
		{12453062-5875-4C49-A128-6384C5C6D25E}.Debug|Any CPU.ActiveCfg = Debug|Any CPU
		{12453062-5875-4C49-A128-6384C5C6D25E}.Debug|Any CPU.Build.0 = Debug|Any CPU
		{12453062-5875-4C49-A128-6384C5C6D25E}.Release|Any CPU.ActiveCfg = Release|Any CPU
		{12453062-5875-4C49-A128-6384C5C6D25E}.Release|Any CPU.Build.0 = Release|Any CPU
	EndGlobalSection
	GlobalSection(SolutionProperties) = preSolution
		HideSolutionNode = FALSE
	EndGlobalSection
	GlobalSection(NestedProjects) = preSolution
		{DC2562EF-DE38-49B3-ABF2-695C2714E12B} = {0A214C3C-4D70-450A-ABE5-63FB0BC61864}
		{AD1D4B07-C9CD-4B1A-AAD2-31190C94F9C5} = {0A214C3C-4D70-450A-ABE5-63FB0BC61864}
		{12453062-5875-4C49-A128-6384C5C6D25E} = {0A214C3C-4D70-450A-ABE5-63FB0BC61864}
		{92C82287-D08F-4E49-8B59-054522C974C8} = {0BF8AABC-2617-4FEB-A72D-449DD826B25B}
		{C923C0DC-2C04-4AB4-9BDC-5586F8A8AEEC} = {0BF8AABC-2617-4FEB-A72D-449DD826B25B}
		{9FCEF01E-E0EF-4C71-B284-27C1CF17DADF} = {D6415235-1EEB-42D1-B86A-CC6867593C12}
	EndGlobalSection
EndGlobal
