
Microsoft Visual Studio Solution File, Format Version 10.00
# Visual Studio 2008
Project("{FAE04EC0-301F-11D3-BF4B-00C04F79EFBC}") = "Inferis.KindjesNet.Web", "Inferis.KindjesNet.Web\Inferis.KindjesNet.Web.csproj", "{9FCEF01E-E0EF-4C71-B284-27C1CF17DADF}"
EndProject
Project("{FAE04EC0-301F-11D3-BF4B-00C04F79EFBC}") = "Inferis.KindjesNet.Blog", "Inferis.KindjesNet.Blog\Inferis.KindjesNet.Blog.csproj", "{DC2562EF-DE38-49B3-ABF2-695C2714E12B}"
EndProject
Project("{FAE04EC0-301F-11D3-BF4B-00C04F79EFBC}") = "Inferis.KindjesNet.Core", "Inferis.KindjesNet.Core\Inferis.KindjesNet.Core.csproj", "{92C82287-D08F-4E49-8B59-054522C974C8}"
EndProject
Project("{FAE04EC0-301F-11D3-BF4B-00C04F79EFBC}") = "Inferis.KindjesNet.Flickr", "Inferis.KindjesNet.Flickr\Inferis.KindjesNet.Flickr.csproj", "{AD1D4B07-C9CD-4B1A-AAD2-31190C94F9C5}"
EndProject
Project("{2150E333-8FDC-42A3-9474-1A3956D46DE8}") = "Plugins", "Plugins", "{0A214C3C-4D70-450A-ABE5-63FB0BC61864}"
EndProject
Project("{2150E333-8FDC-42A3-9474-1A3956D46DE8}") = "Core", "Core", "{0BF8AABC-2617-4FEB-A72D-449DD826B25B}"
EndProject
Project("{2150E333-8FDC-42A3-9474-1A3956D46DE8}") = "Web", "Web", "{D6415235-1EEB-42D1-B86A-CC6867593C12}"
EndProject
Project("{FAE04EC0-301F-11D3-BF4B-00C04F79EFBC}") = "Inferis.KindjesNet.Vimeo", "Inferis.KindjesNet.Vimeo\Inferis.KindjesNet.Vimeo.csproj", "{12453062-5875-4C49-A128-6384C5C6D25E}"
EndProject
Project("{2150E333-8FDC-42A3-9474-1A3956D46DE8}") = "APIs", "APIs", "{E0854E81-7A78-4B19-BD32-65C997F52357}"
EndProject
Project("{FAE04EC0-301F-11D3-BF4B-00C04F79EFBC}") = "Inferis.Core", "Inferis.Core\Inferis.Core.csproj", "{7DC6F24A-66DE-4F1C-898F-2895EE485B3F}"
EndProject
Project("{FAE04EC0-301F-11D3-BF4B-00C04F79EFBC}") = "Inferis.NMarkdown", "Inferis.NMarkdown\Inferis.NMarkdown.csproj", "{F92FE52B-807E-47D4-ABE1-EE6BF426441F}"
EndProject
Project("{FAE04EC0-301F-11D3-BF4B-00C04F79EFBC}") = "Inferis.NMarkdown.Tests", "Inferis.NMarkdown.Tests\Inferis.NMarkdown.Tests.csproj", "{C7599269-856C-4C3F-8DE2-DF7729F3B450}"
EndProject
Project("{FAE04EC0-301F-11D3-BF4B-00C04F79EFBC}") = "Inferis.API.Vimeo", "..\Inferis APIs\Vimeo\Inferis.API.Vimeo\Inferis.API.Vimeo.csproj", "{0A2D18A4-A438-4880-AE3B-A5895428A77A}"
EndProject
Project("{FAE04EC0-301F-11D3-BF4B-00C04F79EFBC}") = "Inferis.Core.Migrations", "Inferis.Core.Migrations\Inferis.Core.Migrations.csproj", "{91D25BDF-FB25-44DA-A2D5-37F13AB9B43C}"
EndProject
Global
	GlobalSection(SolutionConfigurationPlatforms) = preSolution
		Debug|Any CPU = Debug|Any CPU
		Release|Any CPU = Release|Any CPU
	EndGlobalSection
	GlobalSection(ProjectConfigurationPlatforms) = postSolution
		{9FCEF01E-E0EF-4C71-B284-27C1CF17DADF}.Debug|Any CPU.ActiveCfg = Debug|Any CPU
		{9FCEF01E-E0EF-4C71-B284-27C1CF17DADF}.Debug|Any CPU.Build.0 = Debug|Any CPU
		{9FCEF01E-E0EF-4C71-B284-27C1CF17DADF}.Release|Any CPU.ActiveCfg = Release|Any CPU
		{9FCEF01E-E0EF-4C71-B284-27C1CF17DADF}.Release|Any CPU.Build.0 = Release|Any CPU
		{DC2562EF-DE38-49B3-ABF2-695C2714E12B}.Debug|Any CPU.ActiveCfg = Debug|Any CPU
		{DC2562EF-DE38-49B3-ABF2-695C2714E12B}.Debug|Any CPU.Build.0 = Debug|Any CPU
		{DC2562EF-DE38-49B3-ABF2-695C2714E12B}.Release|Any CPU.ActiveCfg = Release|Any CPU
		{DC2562EF-DE38-49B3-ABF2-695C2714E12B}.Release|Any CPU.Build.0 = Release|Any CPU
		{92C82287-D08F-4E49-8B59-054522C974C8}.Debug|Any CPU.ActiveCfg = Debug|Any CPU
		{92C82287-D08F-4E49-8B59-054522C974C8}.Debug|Any CPU.Build.0 = Debug|Any CPU
		{92C82287-D08F-4E49-8B59-054522C974C8}.Release|Any CPU.ActiveCfg = Release|Any CPU
		{92C82287-D08F-4E49-8B59-054522C974C8}.Release|Any CPU.Build.0 = Release|Any CPU
		{AD1D4B07-C9CD-4B1A-AAD2-31190C94F9C5}.Debug|Any CPU.ActiveCfg = Debug|Any CPU
		{AD1D4B07-C9CD-4B1A-AAD2-31190C94F9C5}.Debug|Any CPU.Build.0 = Debug|Any CPU
		{AD1D4B07-C9CD-4B1A-AAD2-31190C94F9C5}.Release|Any CPU.ActiveCfg = Release|Any CPU
		{AD1D4B07-C9CD-4B1A-AAD2-31190C94F9C5}.Release|Any CPU.Build.0 = Release|Any CPU
		{12453062-5875-4C49-A128-6384C5C6D25E}.Debug|Any CPU.ActiveCfg = Debug|Any CPU
		{12453062-5875-4C49-A128-6384C5C6D25E}.Debug|Any CPU.Build.0 = Debug|Any CPU
		{12453062-5875-4C49-A128-6384C5C6D25E}.Release|Any CPU.ActiveCfg = Release|Any CPU
		{12453062-5875-4C49-A128-6384C5C6D25E}.Release|Any CPU.Build.0 = Release|Any CPU
		{7DC6F24A-66DE-4F1C-898F-2895EE485B3F}.Debug|Any CPU.ActiveCfg = Debug|Any CPU
		{7DC6F24A-66DE-4F1C-898F-2895EE485B3F}.Debug|Any CPU.Build.0 = Debug|Any CPU
		{7DC6F24A-66DE-4F1C-898F-2895EE485B3F}.Release|Any CPU.ActiveCfg = Release|Any CPU
		{7DC6F24A-66DE-4F1C-898F-2895EE485B3F}.Release|Any CPU.Build.0 = Release|Any CPU
		{F92FE52B-807E-47D4-ABE1-EE6BF426441F}.Debug|Any CPU.ActiveCfg = Debug|Any CPU
		{F92FE52B-807E-47D4-ABE1-EE6BF426441F}.Debug|Any CPU.Build.0 = Debug|Any CPU
		{F92FE52B-807E-47D4-ABE1-EE6BF426441F}.Release|Any CPU.ActiveCfg = Release|Any CPU
		{F92FE52B-807E-47D4-ABE1-EE6BF426441F}.Release|Any CPU.Build.0 = Release|Any CPU
		{C7599269-856C-4C3F-8DE2-DF7729F3B450}.Debug|Any CPU.ActiveCfg = Debug|Any CPU
		{C7599269-856C-4C3F-8DE2-DF7729F3B450}.Debug|Any CPU.Build.0 = Debug|Any CPU
		{C7599269-856C-4C3F-8DE2-DF7729F3B450}.Release|Any CPU.ActiveCfg = Release|Any CPU
		{C7599269-856C-4C3F-8DE2-DF7729F3B450}.Release|Any CPU.Build.0 = Release|Any CPU
		{0A2D18A4-A438-4880-AE3B-A5895428A77A}.Debug|Any CPU.ActiveCfg = Debug|Any CPU
		{0A2D18A4-A438-4880-AE3B-A5895428A77A}.Debug|Any CPU.Build.0 = Debug|Any CPU
		{0A2D18A4-A438-4880-AE3B-A5895428A77A}.Release|Any CPU.ActiveCfg = Release|Any CPU
		{0A2D18A4-A438-4880-AE3B-A5895428A77A}.Release|Any CPU.Build.0 = Release|Any CPU
		{91D25BDF-FB25-44DA-A2D5-37F13AB9B43C}.Debug|Any CPU.ActiveCfg = Debug|Any CPU
		{91D25BDF-FB25-44DA-A2D5-37F13AB9B43C}.Debug|Any CPU.Build.0 = Debug|Any CPU
		{91D25BDF-FB25-44DA-A2D5-37F13AB9B43C}.Release|Any CPU.ActiveCfg = Release|Any CPU
		{91D25BDF-FB25-44DA-A2D5-37F13AB9B43C}.Release|Any CPU.Build.0 = Release|Any CPU
	EndGlobalSection
	GlobalSection(SolutionProperties) = preSolution
		HideSolutionNode = FALSE
	EndGlobalSection
	GlobalSection(NestedProjects) = preSolution
		{9FCEF01E-E0EF-4C71-B284-27C1CF17DADF} = {D6415235-1EEB-42D1-B86A-CC6867593C12}
		{AD1D4B07-C9CD-4B1A-AAD2-31190C94F9C5} = {0A214C3C-4D70-450A-ABE5-63FB0BC61864}
		{DC2562EF-DE38-49B3-ABF2-695C2714E12B} = {0A214C3C-4D70-450A-ABE5-63FB0BC61864}
		{12453062-5875-4C49-A128-6384C5C6D25E} = {0A214C3C-4D70-450A-ABE5-63FB0BC61864}
		{92C82287-D08F-4E49-8B59-054522C974C8} = {0BF8AABC-2617-4FEB-A72D-449DD826B25B}
		{7DC6F24A-66DE-4F1C-898F-2895EE485B3F} = {E0854E81-7A78-4B19-BD32-65C997F52357}
		{F92FE52B-807E-47D4-ABE1-EE6BF426441F} = {E0854E81-7A78-4B19-BD32-65C997F52357}
		{C7599269-856C-4C3F-8DE2-DF7729F3B450} = {E0854E81-7A78-4B19-BD32-65C997F52357}
		{0A2D18A4-A438-4880-AE3B-A5895428A77A} = {E0854E81-7A78-4B19-BD32-65C997F52357}
		{91D25BDF-FB25-44DA-A2D5-37F13AB9B43C} = {E0854E81-7A78-4B19-BD32-65C997F52357}
	EndGlobalSection
EndGlobal
